{
  "name": "function",
  "version": "1.0.0",
  "lockfileVersion": 1,
  "requires": true,
  "dependencies": {
    "@opencltbrigade/lynx-blue-line-schedule-sdk": {
      "version": "0.1.2",
      "resolved": "https://registry.npmjs.org/@opencltbrigade/lynx-blue-line-schedule-sdk/-/lynx-blue-line-schedule-sdk-0.1.2.tgz",
      "integrity": "sha512-TLhFvj3wCE/iwllmwQbagVV4kmMq3mklvsez3OX+MThhBvHj5ZUGrRUuJOinDRLUoclydfVvFYVDC2DD4jKKaQ==",
      "requires": {
        "lynx-schedule-json": "git+https://github.com/OpenCLTBrigade/blue-line-schedule-json.git"
      }
    },
    "@types/ramda": {
      "version": "0.26.29",
      "resolved": "https://registry.npmjs.org/@types/ramda/-/ramda-0.26.29.tgz",
      "integrity": "sha512-j0rrDm19024J0X5wHl8ZK0mQas9TVvL7KQPocDEZU0nq/OUtmh0mBBBrfSIKGJZF1VLhtW6MGw+YRojUSY+5kg==",
      "requires": {
        "ts-toolbelt": "^4.7.7"
      }
    },
    "lynx-schedule-json": {
      "version": "git+https://github.com/OpenCLTBrigade/blue-line-schedule-json.git#c16d04bdecc52e0dd011e2a110e39ca8355821a6",
      "from": "git+https://github.com/OpenCLTBrigade/blue-line-schedule-json.git",
      "requires": {
        "@types/ramda": "^0.26.22",
        "node-fetch": "^2.6.0",
        "ramda": "^0.26.1",
        "typescript": "^3.6.3"
      }
    },
    "node-fetch": {
      "version": "2.6.0",
      "resolved": "https://registry.npmjs.org/node-fetch/-/node-fetch-2.6.0.tgz",
      "integrity": "sha512-8dG4H5ujfvFiqDmVu9fQ5bOHUC15JMjMY/Zumv26oOvvVJjM67KF8koCWIabKQ1GJIa9r2mMZscBq/TbdOcmNA=="
    },
    "ramda": {
      "version": "0.26.1",
      "resolved": "https://registry.npmjs.org/ramda/-/ramda-0.26.1.tgz",
      "integrity": "sha512-hLWjpy7EnsDBb0p+Z3B7rPi3GDeRG5ZtiI33kJhTt+ORCd38AbAIjB/9zRIUoeTbE/AVX5ZkU7m6bznsvrf8eQ=="
    },
    "ts-toolbelt": {
      "version": "4.8.8",
      "resolved": "https://registry.npmjs.org/ts-toolbelt/-/ts-toolbelt-4.8.8.tgz",
      "integrity": "sha512-5QLdemct/ssqyVgmEIK1KKY7Y39fX05kanAdnp+O529Jk7dFct+4kgasvMGXagBIvLCUviksDCZs2Lo2/fp6BQ=="
    },
    "typescript": {
      "version": "3.6.4",
      "resolved": "https://registry.npmjs.org/typescript/-/typescript-3.6.4.tgz",
      "integrity": "sha512-unoCll1+l+YK4i4F8f22TaNVPRHcD9PA3yCuZ8g5e0qGqlVlJ/8FSateOLLSagn+Yg5+ZwuPkL8LFUc0Jcvksg=="
    }
  }
}
